PODS:
  - Kiwi (2.4.0)
  - YWebView (0.14.0)

DEPENDENCIES:
  - Kiwi
  - YWebView (from `../`)

SPEC REPOS:
  trunk:
    - Kiwi

EXTERNAL SOURCES:
  YWebView:
    :path: "../"

SPEC CHECKSUMS:
  Kiwi: f49c9d54b28917df5928fe44968a39ed198cb8a8
  YWebView: 50d9615e8916fc5d412005e3e1a30a57e40c42f6

PODFILE CHECKSUM: fdda404a3aa2a39f980154c5087e87f1906aa1b0

COCOAPODS: 1.9.3
