PODS:
  - Kiwi (2.4.0)
  - YWebView (0.11.0)

DEPENDENCIES:
  - Kiwi
  - YWebView (from `../`)

EXTERNAL SOURCES:
  YWebView:
    :path: "../"

SPEC CHECKSUMS:
  Kiwi: f49c9d54b28917df5928fe44968a39ed198cb8a8
  YWebView: a43aba09e3ccc4ccbd5a105df146bcab950ce639

PODFILE CHECKSUM: fdda404a3aa2a39f980154c5087e87f1906aa1b0

COCOAPODS: 1.1.1
