PODS:
  - Kiwi (2.4.0)
  - YWebView (0.16.0)

DEPENDENCIES:
  - Kiwi
  - YWebView (from `../`)

SPEC REPOS:
  trunk:
    - Kiwi

EXTERNAL SOURCES:
  YWebView:
    :path: "../"

SPEC CHECKSUMS:
  Kiwi: f49c9d54b28917df5928fe44968a39ed198cb8a8
  YWebView: 2b9b25dfea913047afc27a8bf3d5d202666b0563

PODFILE CHECKSUM: fdda404a3aa2a39f980154c5087e87f1906aa1b0

COCOAPODS: 1.9.3
