// !$*UTF8*$!
{
	archiveVersion = 1;
	classes = {
	};
	objectVersion = 50;
	objects = {

/* Begin PBXBuildFile section */
		001F035DB9F0C6A8CD2C4BA5 /* Pods_YWebView__macOS_.framework in Frameworks */ = {isa = PBXBuildFile; fileRef = C4D72324B37E6ADEEB1ED414 /* Pods_YWebView__macOS_.framework */; };
		6CFBAE0C7D5AC8DF40E725F9 /* Pods_YWebView__iOS_.framework in Frameworks */ = {isa = PBXBuildFile; fileRef = DB33D83616F2997E94935E1A /* Pods_YWebView__iOS_.framework */; };
		F95D613A2657D22F00E7D582 /* YWebViewApp.swift in Sources */ = {isa = PBXBuildFile; fileRef = F95D61112657D22D00E7D582 /* YWebViewApp.swift */; };
		F95D613B2657D22F00E7D582 /* YWebViewApp.swift in Sources */ = {isa = PBXBuildFile; fileRef = F95D61112657D22D00E7D582 /* YWebViewApp.swift */; };
		F95D613C2657D22F00E7D582 /* ContentView.swift in Sources */ = {isa = PBXBuildFile; fileRef = F95D61122657D22D00E7D582 /* ContentView.swift */; };
		F95D613D2657D22F00E7D582 /* ContentView.swift in Sources */ = {isa = PBXBuildFile; fileRef = F95D61122657D22D00E7D582 /* ContentView.swift */; };
		F95D613E2657D22F00E7D582 /* Assets.xcassets in Resources */ = {isa = PBXBuildFile; fileRef = F95D61132657D22F00E7D582 /* Assets.xcassets */; };
		F95D613F2657D22F00E7D582 /* Assets.xcassets in Resources */ = {isa = PBXBuildFile; fileRef = F95D61132657D22F00E7D582 /* Assets.xcassets */; };
/* End PBXBuildFile section */

/* Begin PBXContainerItemProxy section */
		F95D61292657D22F00E7D582 /* PBXContainerItemProxy */ = {
			isa = PBXContainerItemProxy;
			containerPortal = F95D610C2657D22D00E7D582 /* Project object */;
			proxyType = 1;
			remoteGlobalIDString = F95D61172657D22F00E7D582;
			remoteInfo = "YWebView (iOS)";
		};
		F95D61342657D22F00E7D582 /* PBXContainerItemProxy */ = {
			isa = PBXContainerItemProxy;
			containerPortal = F95D610C2657D22D00E7D582 /* Project object */;
			proxyType = 1;
			remoteGlobalIDString = F95D611F2657D22F00E7D582;
			remoteInfo = "YWebView (macOS)";
		};
/* End PBXContainerItemProxy section */

/* Begin PBXFileReference section */
		3350952688A1A6D4C2F86DD3 /* Pods-YWebView (macOS).release.xcconfig */ = {isa = PBXFileReference; includeInIndex = 1; lastKnownFileType = text.xcconfig; name = "Pods-YWebView (macOS).release.xcconfig"; path = "Target Support Files/Pods-YWebView (macOS)/Pods-YWebView (macOS).release.xcconfig"; sourceTree = "<group>"; };
		594E418247287608FE6052FF /* Pods-YWebView (iOS).debug.xcconfig */ = {isa = PBXFileReference; includeInIndex = 1; lastKnownFileType = text.xcconfig; name = "Pods-YWebView (iOS).debug.xcconfig"; path = "Target Support Files/Pods-YWebView (iOS)/Pods-YWebView (iOS).debug.xcconfig"; sourceTree = "<group>"; };
		5F510A2E6F9D5464AD40D088 /* Pods-YWebView (iOS).release.xcconfig */ = {isa = PBXFileReference; includeInIndex = 1; lastKnownFileType = text.xcconfig; name = "Pods-YWebView (iOS).release.xcconfig"; path = "Target Support Files/Pods-YWebView (iOS)/Pods-YWebView (iOS).release.xcconfig"; sourceTree = "<group>"; };
		A2DD8634B1745621C23E32C5 /* README.md */ = {isa = PBXFileReference; includeInIndex = 1; name = README.md; path = ../README.md; sourceTree = "<group>"; };
		A9AF38C7200982FD5212EC08 /* Pods-YWebView (macOS).debug.xcconfig */ = {isa = PBXFileReference; includeInIndex = 1; lastKnownFileType = text.xcconfig; name = "Pods-YWebView (macOS).debug.xcconfig"; path = "Target Support Files/Pods-YWebView (macOS)/Pods-YWebView (macOS).debug.xcconfig"; sourceTree = "<group>"; };
		C4D72324B37E6ADEEB1ED414 /* Pods_YWebView__macOS_.framework */ = {isa = PBXFileReference; explicitFileType = wrapper.framework; includeInIndex = 0; path = Pods_YWebView__macOS_.framework; sourceTree = BUILT_PRODUCTS_DIR; };
		C6E064ADFA6E14A2D7EAE10B /* YWebView.podspec */ = {isa = PBXFileReference; includeInIndex = 1; name = YWebView.podspec; path = ../YWebView.podspec; sourceTree = "<group>"; };
		DB33D83616F2997E94935E1A /* Pods_YWebView__iOS_.framework */ = {isa = PBXFileReference; explicitFileType = wrapper.framework; includeInIndex = 0; path = Pods_YWebView__iOS_.framework; sourceTree = BUILT_PRODUCTS_DIR; };
		F95D61112657D22D00E7D582 /* YWebViewApp.swift */ = {isa = PBXFileReference; lastKnownFileType = sourcecode.swift; path = YWebViewApp.swift; sourceTree = "<group>"; };
		F95D61122657D22D00E7D582 /* ContentView.swift */ = {isa = PBXFileReference; lastKnownFileType = sourcecode.swift; path = ContentView.swift; sourceTree = "<group>"; };
		F95D61132657D22F00E7D582 /* Assets.xcassets */ = {isa = PBXFileReference; lastKnownFileType = folder.assetcatalog; path = Assets.xcassets; sourceTree = "<group>"; };
		F95D61182657D22F00E7D582 /* YWebViewExample.app */ = {isa = PBXFileReference; explicitFileType = wrapper.application; includeInIndex = 0; path = YWebViewExample.app; sourceTree = BUILT_PRODUCTS_DIR; };
		F95D611B2657D22F00E7D582 /* Info.plist */ = {isa = PBXFileReference; lastKnownFileType = text.plist.xml; path = Info.plist; sourceTree = "<group>"; };
		F95D61202657D22F00E7D582 /* YWebViewExample.app */ = {isa = PBXFileReference; explicitFileType = wrapper.application; includeInIndex = 0; path = YWebViewExample.app; sourceTree = BUILT_PRODUCTS_DIR; };
		F95D61222657D22F00E7D582 /* Info.plist */ = {isa = PBXFileReference; lastKnownFileType = text.plist.xml; path = Info.plist; sourceTree = "<group>"; };
		F95D61232657D22F00E7D582 /* macOS.entitlements */ = {isa = PBXFileReference; lastKnownFileType = text.plist.entitlements; path = macOS.entitlements; sourceTree = "<group>"; };
		F95D61282657D22F00E7D582 /* Tests iOS.xctest */ = {isa = PBXFileReference; explicitFileType = wrapper.cfbundle; includeInIndex = 0; path = "Tests iOS.xctest"; sourceTree = BUILT_PRODUCTS_DIR; };
		F95D61332657D22F00E7D582 /* Tests macOS.xctest */ = {isa = PBXFileReference; explicitFileType = wrapper.cfbundle; includeInIndex = 0; path = "Tests macOS.xctest"; sourceTree = BUILT_PRODUCTS_DIR; };
/* End PBXFileReference section */

/* Begin PBXFrameworksBuildPhase section */
		F95D61152657D22F00E7D582 /* Frameworks */ = {
			isa = PBXFrameworksBuildPhase;
			buildActionMask = 2147483647;
			files = (
				6CFBAE0C7D5AC8DF40E725F9 /* Pods_YWebView__iOS_.framework in Frameworks */,
			);
			runOnlyForDeploymentPostprocessing = 0;
		};
		F95D611D2657D22F00E7D582 /* Frameworks */ = {
			isa = PBXFrameworksBuildPhase;
			buildActionMask = 2147483647;
			files = (
				001F035DB9F0C6A8CD2C4BA5 /* Pods_YWebView__macOS_.framework in Frameworks */,
			);
			runOnlyForDeploymentPostprocessing = 0;
		};
		F95D61252657D22F00E7D582 /* Frameworks */ = {
			isa = PBXFrameworksBuildPhase;
			buildActionMask = 2147483647;
			files = (
			);
			runOnlyForDeploymentPostprocessing = 0;
		};
		F95D61302657D22F00E7D582 /* Frameworks */ = {
			isa = PBXFrameworksBuildPhase;
			buildActionMask = 2147483647;
			files = (
			);
			runOnlyForDeploymentPostprocessing = 0;
		};
/* End PBXFrameworksBuildPhase section */

/* Begin PBXGroup section */
		650E66F779ECBA150AC886B3 /* Frameworks */ = {
			isa = PBXGroup;
			children = (
				DB33D83616F2997E94935E1A /* Pods_YWebView__iOS_.framework */,
				C4D72324B37E6ADEEB1ED414 /* Pods_YWebView__macOS_.framework */,
			);
			name = Frameworks;
			sourceTree = "<group>";
		};
		9F225A4AB1A618C803ADF131 /* Pods */ = {
			isa = PBXGroup;
			children = (
				594E418247287608FE6052FF /* Pods-YWebView (iOS).debug.xcconfig */,
				5F510A2E6F9D5464AD40D088 /* Pods-YWebView (iOS).release.xcconfig */,
				A9AF38C7200982FD5212EC08 /* Pods-YWebView (macOS).debug.xcconfig */,
				3350952688A1A6D4C2F86DD3 /* Pods-YWebView (macOS).release.xcconfig */,
			);
			name = Pods;
			path = Pods;
			sourceTree = "<group>";
		};
		F95D610B2657D22D00E7D582 = {
			isa = PBXGroup;
			children = (
				F95D615A26581C5800E7D582 /* Podspec Metadata */,
				F95D61102657D22D00E7D582 /* Shared */,
				F95D611A2657D22F00E7D582 /* iOS */,
				F95D61212657D22F00E7D582 /* macOS */,
				F95D61192657D22F00E7D582 /* Products */,
				9F225A4AB1A618C803ADF131 /* Pods */,
				650E66F779ECBA150AC886B3 /* Frameworks */,
			);
			sourceTree = "<group>";
		};
		F95D61102657D22D00E7D582 /* Shared */ = {
			isa = PBXGroup;
			children = (
				F95D61112657D22D00E7D582 /* YWebViewApp.swift */,
				F95D61122657D22D00E7D582 /* ContentView.swift */,
				F95D61132657D22F00E7D582 /* Assets.xcassets */,
			);
			path = Shared;
			sourceTree = "<group>";
		};
		F95D61192657D22F00E7D582 /* Products */ = {
			isa = PBXGroup;
			children = (
				F95D61182657D22F00E7D582 /* YWebViewExample.app */,
				F95D61202657D22F00E7D582 /* YWebViewExample.app */,
				F95D61282657D22F00E7D582 /* Tests iOS.xctest */,
				F95D61332657D22F00E7D582 /* Tests macOS.xctest */,
			);
			name = Products;
			sourceTree = "<group>";
		};
		F95D611A2657D22F00E7D582 /* iOS */ = {
			isa = PBXGroup;
			children = (
				F95D611B2657D22F00E7D582 /* Info.plist */,
			);
			path = iOS;
			sourceTree = "<group>";
		};
		F95D61212657D22F00E7D582 /* macOS */ = {
			isa = PBXGroup;
			children = (
				F95D61222657D22F00E7D582 /* Info.plist */,
				F95D61232657D22F00E7D582 /* macOS.entitlements */,
			);
			path = macOS;
			sourceTree = "<group>";
		};
		F95D615A26581C5800E7D582 /* Podspec Metadata */ = {
			isa = PBXGroup;
			children = (
				C6E064ADFA6E14A2D7EAE10B /* YWebView.podspec */,
				A2DD8634B1745621C23E32C5 /* README.md */,
			);
			name = "Podspec Metadata";
			sourceTree = "<group>";
		};
/* End PBXGroup section */

/* Begin PBXNativeTarget section */
		F95D61172657D22F00E7D582 /* YWebView (iOS) */ = {
			isa = PBXNativeTarget;
			buildConfigurationList = F95D61422657D22F00E7D582 /* Build configuration list for PBXNativeTarget "YWebView (iOS)" */;
			buildPhases = (
				C8C372CC030B7413945887C7 /* [CP] Check Pods Manifest.lock */,
				F95D61142657D22F00E7D582 /* Sources */,
				F95D61152657D22F00E7D582 /* Frameworks */,
				F95D61162657D22F00E7D582 /* Resources */,
				2738380D9B98F6220D4DCF56 /* [CP] Embed Pods Frameworks */,
			);
			buildRules = (
			);
			dependencies = (
			);
			name = "YWebView (iOS)";
			productName = "YWebView (iOS)";
			productReference = F95D61182657D22F00E7D582 /* YWebViewExample.app */;
			productType = "com.apple.product-type.application";
		};
		F95D611F2657D22F00E7D582 /* YWebView (macOS) */ = {
			isa = PBXNativeTarget;
			buildConfigurationList = F95D61452657D22F00E7D582 /* Build configuration list for PBXNativeTarget "YWebView (macOS)" */;
			buildPhases = (
				CBCD8378A3E0BCC5675347C3 /* [CP] Check Pods Manifest.lock */,
				F95D611C2657D22F00E7D582 /* Sources */,
				F95D611D2657D22F00E7D582 /* Frameworks */,
				F95D611E2657D22F00E7D582 /* Resources */,
				21686D3AEDCCDC530DCD75E1 /* [CP] Embed Pods Frameworks */,
			);
			buildRules = (
			);
			dependencies = (
			);
			name = "YWebView (macOS)";
			productName = "YWebView (macOS)";
			productReference = F95D61202657D22F00E7D582 /* YWebViewExample.app */;
			productType = "com.apple.product-type.application";
		};
		F95D61272657D22F00E7D582 /* Tests iOS */ = {
			isa = PBXNativeTarget;
			buildConfigurationList = F95D61482657D22F00E7D582 /* Build configuration list for PBXNativeTarget "Tests iOS" */;
			buildPhases = (
				F95D61242657D22F00E7D582 /* Sources */,
				F95D61252657D22F00E7D582 /* Frameworks */,
				F95D61262657D22F00E7D582 /* Resources */,
			);
			buildRules = (
			);
			dependencies = (
				F95D612A2657D22F00E7D582 /* PBXTargetDependency */,
			);
			name = "Tests iOS";
			productName = "Tests iOS";
			productReference = F95D61282657D22F00E7D582 /* Tests iOS.xctest */;
			productType = "com.apple.product-type.bundle.ui-testing";
		};
		F95D61322657D22F00E7D582 /* Tests macOS */ = {
			isa = PBXNativeTarget;
			buildConfigurationList = F95D614B2657D22F00E7D582 /* Build configuration list for PBXNativeTarget "Tests macOS" */;
			buildPhases = (
				F95D612F2657D22F00E7D582 /* Sources */,
				F95D61302657D22F00E7D582 /* Frameworks */,
				F95D61312657D22F00E7D582 /* Resources */,
			);
			buildRules = (
			);
			dependencies = (
				F95D61352657D22F00E7D582 /* PBXTargetDependency */,
			);
			name = "Tests macOS";
			productName = "Tests macOS";
			productReference = F95D61332657D22F00E7D582 /* Tests macOS.xctest */;
			productType = "com.apple.product-type.bundle.ui-testing";
		};
/* End PBXNativeTarget section */

/* Begin PBXProject section */
		F95D610C2657D22D00E7D582 /* Project object */ = {
			isa = PBXProject;
			attributes = {
				LastSwiftUpdateCheck = 1230;
				LastUpgradeCheck = 1230;
				TargetAttributes = {
					F95D61172657D22F00E7D582 = {
						CreatedOnToolsVersion = 12.3;
					};
					F95D611F2657D22F00E7D582 = {
						CreatedOnToolsVersion = 12.3;
					};
					F95D61272657D22F00E7D582 = {
						CreatedOnToolsVersion = 12.3;
						TestTargetID = F95D61172657D22F00E7D582;
					};
					F95D61322657D22F00E7D582 = {
						CreatedOnToolsVersion = 12.3;
						TestTargetID = F95D611F2657D22F00E7D582;
					};
				};
			};
			buildConfigurationList = F95D610F2657D22D00E7D582 /* Build configuration list for PBXProject "YWebView" */;
			compatibilityVersion = "Xcode 9.3";
			developmentRegion = en;
			hasScannedForEncodings = 0;
			knownRegions = (
				en,
				Base,
			);
			mainGroup = F95D610B2657D22D00E7D582;
			productRefGroup = F95D61192657D22F00E7D582 /* Products */;
			projectDirPath = "";
			projectRoot = "";
			targets = (
				F95D61172657D22F00E7D582 /* YWebView (iOS) */,
				F95D611F2657D22F00E7D582 /* YWebView (macOS) */,
				F95D61272657D22F00E7D582 /* Tests iOS */,
				F95D61322657D22F00E7D582 /* Tests macOS */,
			);
		};
/* End PBXProject section */

/* Begin PBXResourcesBuildPhase section */
		F95D61162657D22F00E7D582 /* Resources */ = {
			isa = PBXResourcesBuildPhase;
			buildActionMask = 2147483647;
			files = (
				F95D613E2657D22F00E7D582 /* Assets.xcassets in Resources */,
			);
			runOnlyForDeploymentPostprocessing = 0;
		};
		F95D611E2657D22F00E7D582 /* Resources */ = {
			isa = PBXResourcesBuildPhase;
			buildActionMask = 2147483647;
			files = (
				F95D613F2657D22F00E7D582 /* Assets.xcassets in Resources */,
			);
			runOnlyForDeploymentPostprocessing = 0;
		};
		F95D61262657D22F00E7D582 /* Resources */ = {
			isa = PBXResourcesBuildPhase;
			buildActionMask = 2147483647;
			files = (
			);
			runOnlyForDeploymentPostprocessing = 0;
		};
		F95D61312657D22F00E7D582 /* Resources */ = {
			isa = PBXResourcesBuildPhase;
			buildActionMask = 2147483647;
			files = (
			);
			runOnlyForDeploymentPostprocessing = 0;
		};
/* End PBXResourcesBuildPhase section */

/* Begin PBXShellScriptBuildPhase section */
		21686D3AEDCCDC530DCD75E1 /* [CP] Embed Pods Frameworks */ = {
			isa = PBXShellScriptBuildPhase;
			buildActionMask = 2147483647;
			files = (
			);
			inputFileListPaths = (
				"${PODS_ROOT}/Target Support Files/Pods-YWebView (macOS)/Pods-YWebView (macOS)-frameworks-${CONFIGURATION}-input-files.xcfilelist",
			);
			name = "[CP] Embed Pods Frameworks";
			outputFileListPaths = (
				"${PODS_ROOT}/Target Support Files/Pods-YWebView (macOS)/Pods-YWebView (macOS)-frameworks-${CONFIGURATION}-output-files.xcfilelist",
			);
			runOnlyForDeploymentPostprocessing = 0;
			shellPath = /bin/sh;
			shellScript = "\"${PODS_ROOT}/Target Support Files/Pods-YWebView (macOS)/Pods-YWebView (macOS)-frameworks.sh\"\n";
			showEnvVarsInLog = 0;
		};
		2738380D9B98F6220D4DCF56 /* [CP] Embed Pods Frameworks */ = {
			isa = PBXShellScriptBuildPhase;
			buildActionMask = 2147483647;
			files = (
			);
			inputFileListPaths = (
				"${PODS_ROOT}/Target Support Files/Pods-YWebView (iOS)/Pods-YWebView (iOS)-frameworks-${CONFIGURATION}-input-files.xcfilelist",
			);
			name = "[CP] Embed Pods Frameworks";
			outputFileListPaths = (
				"${PODS_ROOT}/Target Support Files/Pods-YWebView (iOS)/Pods-YWebView (iOS)-frameworks-${CONFIGURATION}-output-files.xcfilelist",
			);
			runOnlyForDeploymentPostprocessing = 0;
			shellPath = /bin/sh;
			shellScript = "\"${PODS_ROOT}/Target Support Files/Pods-YWebView (iOS)/Pods-YWebView (iOS)-frameworks.sh\"\n";
			showEnvVarsInLog = 0;
		};
		C8C372CC030B7413945887C7 /* [CP] Check Pods Manifest.lock */ = {
			isa = PBXShellScriptBuildPhase;
			buildActionMask = 2147483647;
			files = (
			);
			inputFileListPaths = (
			);
			inputPaths = (
				"${PODS_PODFILE_DIR_PATH}/Podfile.lock",
				"${PODS_ROOT}/Manifest.lock",
			);
			name = "[CP] Check Pods Manifest.lock";
			outputFileListPaths = (
			);
			outputPaths = (
				"$(DERIVED_FILE_DIR)/Pods-YWebView (iOS)-checkManifestLockResult.txt",
			);
			runOnlyForDeploymentPostprocessing = 0;
			shellPath = /bin/sh;
			shellScript = "diff \"${PODS_PODFILE_DIR_PATH}/Podfile.lock\" \"${PODS_ROOT}/Manifest.lock\" > /dev/null\nif [ $? != 0 ] ; then\n    # print error to STDERR\n    echo \"error: The sandbox is not in sync with the Podfile.lock. Run 'pod install' or update your CocoaPods installation.\" >&2\n    exit 1\nfi\n# This output is used by Xcode 'outputs' to avoid re-running this script phase.\necho \"SUCCESS\" > \"${SCRIPT_OUTPUT_FILE_0}\"\n";
			showEnvVarsInLog = 0;
		};
		CBCD8378A3E0BCC5675347C3 /* [CP] Check Pods Manifest.lock */ = {
			isa = PBXShellScriptBuildPhase;
			buildActionMask = 2147483647;
			files = (
			);
			inputFileListPaths = (
			);
			inputPaths = (
				"${PODS_PODFILE_DIR_PATH}/Podfile.lock",
				"${PODS_ROOT}/Manifest.lock",
			);
			name = "[CP] Check Pods Manifest.lock";
			outputFileListPaths = (
			);
			outputPaths = (
				"$(DERIVED_FILE_DIR)/Pods-YWebView (macOS)-checkManifestLockResult.txt",
			);
			runOnlyForDeploymentPostprocessing = 0;
			shellPath = /bin/sh;
			shellScript = "diff \"${PODS_PODFILE_DIR_PATH}/Podfile.lock\" \"${PODS_ROOT}/Manifest.lock\" > /dev/null\nif [ $? != 0 ] ; then\n    # print error to STDERR\n    echo \"error: The sandbox is not in sync with the Podfile.lock. Run 'pod install' or update your CocoaPods installation.\" >&2\n    exit 1\nfi\n# This output is used by Xcode 'outputs' to avoid re-running this script phase.\necho \"SUCCESS\" > \"${SCRIPT_OUTPUT_FILE_0}\"\n";
			showEnvVarsInLog = 0;
		};
/* End PBXShellScriptBuildPhase section */

/* Begin PBXSourcesBuildPhase section */
		F95D61142657D22F00E7D582 /* Sources */ = {
			isa = PBXSourcesBuildPhase;
			buildActionMask = 2147483647;
			files = (
				F95D613C2657D22F00E7D582 /* ContentView.swift in Sources */,
				F95D613A2657D22F00E7D582 /* YWebViewApp.swift in Sources */,
			);
			runOnlyForDeploymentPostprocessing = 0;
		};
		F95D611C2657D22F00E7D582 /* Sources */ = {
			isa = PBXSourcesBuildPhase;
			buildActionMask = 2147483647;
			files = (
				F95D613D2657D22F00E7D582 /* ContentView.swift in Sources */,
				F95D613B2657D22F00E7D582 /* YWebViewApp.swift in Sources */,
			);
			runOnlyForDeploymentPostprocessing = 0;
		};
		F95D61242657D22F00E7D582 /* Sources */ = {
			isa = PBXSourcesBuildPhase;
			buildActionMask = 2147483647;
			files = (
			);
			runOnlyForDeploymentPostprocessing = 0;
		};
		F95D612F2657D22F00E7D582 /* Sources */ = {
			isa = PBXSourcesBuildPhase;
			buildActionMask = 2147483647;
			files = (
			);
			runOnlyForDeploymentPostprocessing = 0;
		};
/* End PBXSourcesBuildPhase section */

/* Begin PBXTargetDependency section */
		F95D612A2657D22F00E7D582 /* PBXTargetDependency */ = {
			isa = PBXTargetDependency;
			target = F95D61172657D22F00E7D582 /* YWebView (iOS) */;
			targetProxy = F95D61292657D22F00E7D582 /* PBXContainerItemProxy */;
		};
		F95D61352657D22F00E7D582 /* PBXTargetDependency */ = {
			isa = PBXTargetDependency;
			target = F95D611F2657D22F00E7D582 /* YWebView (macOS) */;
			targetProxy = F95D61342657D22F00E7D582 /* PBXContainerItemProxy */;
		};
/* End PBXTargetDependency section */

/* Begin XCBuildConfiguration section */
		F95D61402657D22F00E7D582 /* Debug */ = {
			isa = XCBuildConfiguration;
			buildSettings = {
				ALWAYS_SEARCH_USER_PATHS = NO;
				CLANG_ANALYZER_NONNULL = YES;
				CLANG_ANALYZER_NUMBER_OBJECT_CONVERSION = YES_AGGRESSIVE;
				CLANG_CXX_LANGUAGE_STANDARD = "gnu++14";
				CLANG_CXX_LIBRARY = "libc++";
				CLANG_ENABLE_MODULES = YES;
				CLANG_ENABLE_OBJC_ARC = YES;
				CLANG_ENABLE_OBJC_WEAK = YES;
				CLANG_WARN_BLOCK_CAPTURE_AUTORELEASING = YES;
				CLANG_WARN_BOOL_CONVERSION = YES;
				CLANG_WARN_COMMA = YES;
				CLANG_WARN_CONSTANT_CONVERSION = YES;
				CLANG_WARN_DEPRECATED_OBJC_IMPLEMENTATIONS = YES;
				CLANG_WARN_DIRECT_OBJC_ISA_USAGE = YES_ERROR;
				CLANG_WARN_DOCUMENTATION_COMMENTS = YES;
				CLANG_WARN_EMPTY_BODY = YES;
				CLANG_WARN_ENUM_CONVERSION = YES;
				CLANG_WARN_INFINITE_RECURSION = YES;
				CLANG_WARN_INT_CONVERSION = YES;
				CLANG_WARN_NON_LITERAL_NULL_CONVERSION = YES;
				CLANG_WARN_OBJC_IMPLICIT_RETAIN_SELF = YES;
				CLANG_WARN_OBJC_LITERAL_CONVERSION = YES;
				CLANG_WARN_OBJC_ROOT_CLASS = YES_ERROR;
				CLANG_WARN_QUOTED_INCLUDE_IN_FRAMEWORK_HEADER = YES;
				CLANG_WARN_RANGE_LOOP_ANALYSIS = YES;
				CLANG_WARN_STRICT_PROTOTYPES = YES;
				CLANG_WARN_SUSPICIOUS_MOVE = YES;
				CLANG_WARN_UNGUARDED_AVAILABILITY = YES_AGGRESSIVE;
				CLANG_WARN_UNREACHABLE_CODE = YES;
				CLANG_WARN__DUPLICATE_METHOD_MATCH = YES;
				COPY_PHASE_STRIP = NO;
				DEBUG_INFORMATION_FORMAT = dwarf;
				ENABLE_STRICT_OBJC_MSGSEND = YES;
				ENABLE_TESTABILITY = YES;
				GCC_C_LANGUAGE_STANDARD = gnu11;
				GCC_DYNAMIC_NO_PIC = NO;
				GCC_NO_COMMON_BLOCKS = YES;
				GCC_OPTIMIZATION_LEVEL = 0;
				GCC_PREPROCESSOR_DEFINITIONS = (
					"DEBUG=1",
					"$(inherited)",
				);
				GCC_WARN_64_TO_32_BIT_CONVERSION = YES;
				GCC_WARN_ABOUT_RETURN_TYPE = YES_ERROR;
				GCC_WARN_UNDECLARED_SELECTOR = YES;
				GCC_WARN_UNINITIALIZED_AUTOS = YES_AGGRESSIVE;
				GCC_WARN_UNUSED_FUNCTION = YES;
				GCC_WARN_UNUSED_VARIABLE = YES;
				MTL_ENABLE_DEBUG_INFO = INCLUDE_SOURCE;
				MTL_FAST_MATH = YES;
				ONLY_ACTIVE_ARCH = YES;
				SWIFT_ACTIVE_COMPILATION_CONDITIONS = DEBUG;
				SWIFT_OPTIMIZATION_LEVEL = "-Onone";
			};
			name = Debug;
		};
		F95D61412657D22F00E7D582 /* Release */ = {
			isa = XCBuildConfiguration;
			buildSettings = {
				ALWAYS_SEARCH_USER_PATHS = NO;
				CLANG_ANALYZER_NONNULL = YES;
				CLANG_ANALYZER_NUMBER_OBJECT_CONVERSION = YES_AGGRESSIVE;
				CLANG_CXX_LANGUAGE_STANDARD = "gnu++14";
				CLANG_CXX_LIBRARY = "libc++";
				CLANG_ENABLE_MODULES = YES;
				CLANG_ENABLE_OBJC_ARC = YES;
				CLANG_ENABLE_OBJC_WEAK = YES;
				CLANG_WARN_BLOCK_CAPTURE_AUTORELEASING = YES;
				CLANG_WARN_BOOL_CONVERSION = YES;
				CLANG_WARN_COMMA = YES;
				CLANG_WARN_CONSTANT_CONVERSION = YES;
				CLANG_WARN_DEPRECATED_OBJC_IMPLEMENTATIONS = YES;
				CLANG_WARN_DIRECT_OBJC_ISA_USAGE = YES_ERROR;
				CLANG_WARN_DOCUMENTATION_COMMENTS = YES;
				CLANG_WARN_EMPTY_BODY = YES;
				CLANG_WARN_ENUM_CONVERSION = YES;
				CLANG_WARN_INFINITE_RECURSION = YES;
				CLANG_WARN_INT_CONVERSION = YES;
				CLANG_WARN_NON_LITERAL_NULL_CONVERSION = YES;
				CLANG_WARN_OBJC_IMPLICIT_RETAIN_SELF = YES;
				CLANG_WARN_OBJC_LITERAL_CONVERSION = YES;
				CLANG_WARN_OBJC_ROOT_CLASS = YES_ERROR;
				CLANG_WARN_QUOTED_INCLUDE_IN_FRAMEWORK_HEADER = YES;
				CLANG_WARN_RANGE_LOOP_ANALYSIS = YES;
				CLANG_WARN_STRICT_PROTOTYPES = YES;
				CLANG_WARN_SUSPICIOUS_MOVE = YES;
				CLANG_WARN_UNGUARDED_AVAILABILITY = YES_AGGRESSIVE;
				CLANG_WARN_UNREACHABLE_CODE = YES;
				CLANG_WARN__DUPLICATE_METHOD_MATCH = YES;
				COPY_PHASE_STRIP = NO;
				DEBUG_INFORMATION_FORMAT = "dwarf-with-dsym";
				ENABLE_NS_ASSERTIONS = NO;
				ENABLE_STRICT_OBJC_MSGSEND = YES;
				GCC_C_LANGUAGE_STANDARD = gnu11;
				GCC_NO_COMMON_BLOCKS = YES;
				GCC_WARN_64_TO_32_BIT_CONVERSION = YES;
				GCC_WARN_ABOUT_RETURN_TYPE = YES_ERROR;
				GCC_WARN_UNDECLARED_SELECTOR = YES;
				GCC_WARN_UNINITIALIZED_AUTOS = YES_AGGRESSIVE;
				GCC_WARN_UNUSED_FUNCTION = YES;
				GCC_WARN_UNUSED_VARIABLE = YES;
				MTL_ENABLE_DEBUG_INFO = NO;
				MTL_FAST_MATH = YES;
				SWIFT_COMPILATION_MODE = wholemodule;
				SWIFT_OPTIMIZATION_LEVEL = "-O";
			};
			name = Release;
		};
		F95D61432657D22F00E7D582 /* Debug */ = {
			isa = XCBuildConfiguration;
			baseConfigurationReference = 594E418247287608FE6052FF /* Pods-YWebView (iOS).debug.xcconfig */;
			buildSettings = {
				ASSETCATALOG_COMPILER_APPICON_NAME = AppIcon;
				ASSETCATALOG_COMPILER_GLOBAL_ACCENT_COLOR_NAME = AccentColor;
				CODE_SIGN_STYLE = Automatic;
				ENABLE_PREVIEWS = YES;
				INFOPLIST_FILE = iOS/Info.plist;
				IPHONEOS_DEPLOYMENT_TARGET = 14.0;
				LD_RUNPATH_SEARCH_PATHS = (
					"$(inherited)",
					"@executable_path/Frameworks",
				);
				PRODUCT_BUNDLE_IDENTIFIER = "org.cocoapods.demo.YWebView-Example";
				PRODUCT_NAME = YWebViewExample;
				SDKROOT = iphoneos;
				SWIFT_VERSION = 5.0;
				TARGETED_DEVICE_FAMILY = "1,2";
			};
			name = Debug;
		};
		F95D61442657D22F00E7D582 /* Release */ = {
			isa = XCBuildConfiguration;
			baseConfigurationReference = 5F510A2E6F9D5464AD40D088 /* Pods-YWebView (iOS).release.xcconfig */;
			buildSettings = {
				ASSETCATALOG_COMPILER_APPICON_NAME = AppIcon;
				ASSETCATALOG_COMPILER_GLOBAL_ACCENT_COLOR_NAME = AccentColor;
				CODE_SIGN_STYLE = Automatic;
				ENABLE_PREVIEWS = YES;
				INFOPLIST_FILE = iOS/Info.plist;
				IPHONEOS_DEPLOYMENT_TARGET = 14.0;
				LD_RUNPATH_SEARCH_PATHS = (
					"$(inherited)",
					"@executable_path/Frameworks",
				);
				PRODUCT_BUNDLE_IDENTIFIER = "org.cocoapods.demo.YWebView-Example";
				PRODUCT_NAME = YWebViewExample;
				SDKROOT = iphoneos;
				SWIFT_VERSION = 5.0;
				TARGETED_DEVICE_FAMILY = "1,2";
				VALIDATE_PRODUCT = YES;
			};
			name = Release;
		};
		F95D61462657D22F00E7D582 /* Debug */ = {
			isa = XCBuildConfiguration;
			baseConfigurationReference = A9AF38C7200982FD5212EC08 /* Pods-YWebView (macOS).debug.xcconfig */;
			buildSettings = {
				ASSETCATALOG_COMPILER_APPICON_NAME = AppIcon;
				ASSETCATALOG_COMPILER_GLOBAL_ACCENT_COLOR_NAME = AccentColor;
				CODE_SIGN_ENTITLEMENTS = macOS/macOS.entitlements;
				CODE_SIGN_STYLE = Automatic;
				COMBINE_HIDPI_IMAGES = YES;
				ENABLE_PREVIEWS = YES;
				INFOPLIST_FILE = macOS/Info.plist;
				LD_RUNPATH_SEARCH_PATHS = (
					"$(inherited)",
					"@executable_path/../Frameworks",
				);
				MACOSX_DEPLOYMENT_TARGET = 11.0;
				PRODUCT_BUNDLE_IDENTIFIER = "org.cocoapods.demo.YWebView-Example";
				PRODUCT_NAME = YWebViewExample;
				SDKROOT = macosx;
				SWIFT_VERSION = 5.0;
			};
			name = Debug;
		};
		F95D61472657D22F00E7D582 /* Release */ = {
			isa = XCBuildConfiguration;
			baseConfigurationReference = 3350952688A1A6D4C2F86DD3 /* Pods-YWebView (macOS).release.xcconfig */;
			buildSettings = {
				ASSETCATALOG_COMPILER_APPICON_NAME = AppIcon;
				ASSETCATALOG_COMPILER_GLOBAL_ACCENT_COLOR_NAME = AccentColor;
				CODE_SIGN_ENTITLEMENTS = macOS/macOS.entitlements;
				CODE_SIGN_STYLE = Automatic;
				COMBINE_HIDPI_IMAGES = YES;
				ENABLE_PREVIEWS = YES;
				INFOPLIST_FILE = macOS/Info.plist;
				LD_RUNPATH_SEARCH_PATHS = (
					"$(inherited)",
					"@executable_path/../Frameworks",
				);
				MACOSX_DEPLOYMENT_TARGET = 11.0;
				PRODUCT_BUNDLE_IDENTIFIER = "org.cocoapods.demo.YWebView-Example";
				PRODUCT_NAME = YWebViewExample;
				SDKROOT = macosx;
				SWIFT_VERSION = 5.0;
			};
			name = Release;
		};
		F95D61492657D22F00E7D582 /* Debug */ = {
			isa = XCBuildConfiguration;
			buildSettings = {
				CODE_SIGN_STYLE = Automatic;
				INFOPLIST_FILE = "Tests iOS/Info.plist";
				IPHONEOS_DEPLOYMENT_TARGET = 14.3;
				LD_RUNPATH_SEARCH_PATHS = (
					"$(inherited)",
					"@executable_path/Frameworks",
					"@loader_path/Frameworks",
				);
				PRODUCT_BUNDLE_IDENTIFIER = "org.cocoapods.demo.YWebView-Example.Tests-iOS";
				PRODUCT_NAME = "$(TARGET_NAME)";
				SDKROOT = iphoneos;
				SWIFT_VERSION = 5.0;
				TARGETED_DEVICE_FAMILY = "1,2";
				TEST_TARGET_NAME = "YWebView (iOS)";
			};
			name = Debug;
		};
		F95D614A2657D22F00E7D582 /* Release */ = {
			isa = XCBuildConfiguration;
			buildSettings = {
				CODE_SIGN_STYLE = Automatic;
				INFOPLIST_FILE = "Tests iOS/Info.plist";
				IPHONEOS_DEPLOYMENT_TARGET = 14.3;
				LD_RUNPATH_SEARCH_PATHS = (
					"$(inherited)",
					"@executable_path/Frameworks",
					"@loader_path/Frameworks",
				);
				PRODUCT_BUNDLE_IDENTIFIER = "org.cocoapods.demo.YWebView-Example.Tests-iOS";
				PRODUCT_NAME = "$(TARGET_NAME)";
				SDKROOT = iphoneos;
				SWIFT_VERSION = 5.0;
				TARGETED_DEVICE_FAMILY = "1,2";
				TEST_TARGET_NAME = "YWebView (iOS)";
				VALIDATE_PRODUCT = YES;
			};
			name = Release;
		};
		F95D614C2657D22F00E7D582 /* Debug */ = {
			isa = XCBuildConfiguration;
			buildSettings = {
				CODE_SIGN_STYLE = Automatic;
				COMBINE_HIDPI_IMAGES = YES;
				INFOPLIST_FILE = "Tests macOS/Info.plist";
				LD_RUNPATH_SEARCH_PATHS = (
					"$(inherited)",
					"@executable_path/../Frameworks",
					"@loader_path/../Frameworks",
				);
				MACOSX_DEPLOYMENT_TARGET = 11.0;
				PRODUCT_BUNDLE_IDENTIFIER = "org.cocoapods.demo.YWebView-Example.Tests-macOS";
				PRODUCT_NAME = "$(TARGET_NAME)";
				SDKROOT = macosx;
				SWIFT_VERSION = 5.0;
				TEST_TARGET_NAME = "YWebView (macOS)";
			};
			name = Debug;
		};
		F95D614D2657D22F00E7D582 /* Release */ = {
			isa = XCBuildConfiguration;
			buildSettings = {
				CODE_SIGN_STYLE = Automatic;
				COMBINE_HIDPI_IMAGES = YES;
				INFOPLIST_FILE = "Tests macOS/Info.plist";
				LD_RUNPATH_SEARCH_PATHS = (
					"$(inherited)",
					"@executable_path/../Frameworks",
					"@loader_path/../Frameworks",
				);
				MACOSX_DEPLOYMENT_TARGET = 11.0;
				PRODUCT_BUNDLE_IDENTIFIER = "org.cocoapods.demo.YWebView-Example.Tests-macOS";
				PRODUCT_NAME = "$(TARGET_NAME)";
				SDKROOT = macosx;
				SWIFT_VERSION = 5.0;
				TEST_TARGET_NAME = "YWebView (macOS)";
			};
			name = Release;
		};
/* End XCBuildConfiguration section */

/* Begin XCConfigurationList section */
		F95D610F2657D22D00E7D582 /* Build configuration list for PBXProject "YWebView" */ = {
			isa = XCConfigurationList;
			buildConfigurations = (
				F95D61402657D22F00E7D582 /* Debug */,
				F95D61412657D22F00E7D582 /* Release */,
			);
			defaultConfigurationIsVisible = 0;
			defaultConfigurationName = Release;
		};
		F95D61422657D22F00E7D582 /* Build configuration list for PBXNativeTarget "YWebView (iOS)" */ = {
			isa = XCConfigurationList;
			buildConfigurations = (
				F95D61432657D22F00E7D582 /* Debug */,
				F95D61442657D22F00E7D582 /* Release */,
			);
			defaultConfigurationIsVisible = 0;
			defaultConfigurationName = Release;
		};
		F95D61452657D22F00E7D582 /* Build configuration list for PBXNativeTarget "YWebView (macOS)" */ = {
			isa = XCConfigurationList;
			buildConfigurations = (
				F95D61462657D22F00E7D582 /* Debug */,
				F95D61472657D22F00E7D582 /* Release */,
			);
			defaultConfigurationIsVisible = 0;
			defaultConfigurationName = Release;
		};
		F95D61482657D22F00E7D582 /* Build configuration list for PBXNativeTarget "Tests iOS" */ = {
			isa = XCConfigurationList;
			buildConfigurations = (
				F95D61492657D22F00E7D582 /* Debug */,
				F95D614A2657D22F00E7D582 /* Release */,
			);
			defaultConfigurationIsVisible = 0;
			defaultConfigurationName = Release;
		};
		F95D614B2657D22F00E7D582 /* Build configuration list for PBXNativeTarget "Tests macOS" */ = {
			isa = XCConfigurationList;
			buildConfigurations = (
				F95D614C2657D22F00E7D582 /* Debug */,
				F95D614D2657D22F00E7D582 /* Release */,
			);
			defaultConfigurationIsVisible = 0;
			defaultConfigurationName = Release;
		};
/* End XCConfigurationList section */
	};
	rootObject = F95D610C2657D22D00E7D582 /* Project object */;
}
